name: python-sldb-sldb-sldb-store-io-lock-storeiolock-_lock
path: knowledge/symbols/python-sldb-sldb-sldb-store-io-lock-storeiolock-_lock.md
hash_c: 733f475f78e39daf306255c44f513bf24234a3844f51c741279f3117f4e9d6ed
hash_d: 0a152ea6e699baa26dfe1a08c1402903aa1c9da6e4004b3e17fec4f0e49ca1b3
semantic_tags:
- representation.markdown
- source.code.python
- type.knowledge.code_symbol
- workspace.knowledge.symbols
