name: python-sldb-sldb-sldb-cli-commands-models_fields-modelsfieldscli-_field_block
path: knowledge/symbols/python-sldb-sldb-sldb-cli-commands-models_fields-modelsfieldscli-_field_block.md
hash_c: 0ba6a3e62f06da718d8046167f0b6494f35f7f3be6327a26517e1ba9fa816eaa
hash_d: 01c555b5688db1cee10d047d9c1dc4e0d91e9d533b335c5dc519d1b0c3473f66
semantic_tags:
- representation.markdown
- source.code.python
- type.knowledge.code_symbol
- workspace.knowledge.symbols
