name: python-sldb-sldb-sldb-core-renderer-sldbrenderer-_render_block
path: knowledge/symbols/python-sldb-sldb-sldb-core-renderer-sldbrenderer-_render_block.md
hash_c: 668b50f16f6736a1cf8387f7276f60f38771dfded813211a69ab21cbf6fbaf10
hash_d: 60eb3878163b28f02ac16e9c5e26a9f00bf3530567204ccb002c700184e5910f
semantic_tags:
- representation.markdown
- source.code.python
- type.knowledge.code_symbol
- workspace.knowledge.symbols
