name: python-sldb-sldb-sldb-store-io-lock-storeiolock
path: knowledge/symbols/python-sldb-sldb-sldb-store-io-lock-storeiolock.md
hash_c: 9ec301a238c47c46e144415b406bb7720fc5fc59970adc3916a1561ce4e1a1de
hash_d: 85bf96f4fe7e92b44a0ecfa94ae7ebbf1915884f17f2b788b365bcac2e7e79ab
semantic_tags:
- representation.markdown
- source.code.python
- type.knowledge.code_symbol
- workspace.knowledge.symbols
