name: python-sldb-sldb-sldb-store-io-store_lock
path: knowledge/symbols/python-sldb-sldb-sldb-store-io-store_lock.md
hash_c: 08661e5d42fb87877dec83f36fc6215ebaa3114a7da79d3e5642fd37d1edb6c3
hash_d: 30a8e703528796b3facf554593e855152bb38dc7d1d201e2fa34970026850771
semantic_tags:
- representation.markdown
- source.code.python
- type.knowledge.code_symbol
- workspace.knowledge.symbols
