name: python-sldb-sldb-sldb-cli-commands-models_fields-modelsfieldscli-_get_new_field_block
path: knowledge/symbols/python-sldb-sldb-sldb-cli-commands-models_fields-modelsfieldscli-_get_new_field_block.md
hash_c: 152b53d7a648728237447a5a2252fc148819ebfe208754247dc8a2d7459cf8bd
hash_d: 70b03d9dfc58e7ff87cfd6743d4d4165d4c22380d5acad432a7d84bf01f1fd60
semantic_tags:
- representation.markdown
- source.code.python
- type.knowledge.code_symbol
- workspace.knowledge.symbols
