name: python-sldb-sldb-sldb-cli-commands-models_fields-modelsfieldscli-_insert_field_block
path: knowledge/symbols/python-sldb-sldb-sldb-cli-commands-models_fields-modelsfieldscli-_insert_field_block.md
hash_c: b688a6d33cb18f6b03038f7692493bb01714cf72daa94ffa4efd8d6139f6fa8f
hash_d: 8db4086cb41e428b459f717ba4699a7bfb60f078f2ba2205c73047a55dab66ef
semantic_tags:
- representation.markdown
- source.code.python
- type.knowledge.code_symbol
- workspace.knowledge.symbols
