name: python-sldb-sldb-sldb-cli-commands-models_fields-modelsfieldscli-_remove_field_block
path: knowledge/symbols/python-sldb-sldb-sldb-cli-commands-models_fields-modelsfieldscli-_remove_field_block.md
hash_c: 1997daefd825c9bd668fad551418c573d0f12007b42e19d58f46d10e855ef291
hash_d: 05a0db5d8ea0f1784a142448b1f581dce9305455dde2e3bb1b1f0d113f4aaeb7
semantic_tags:
- representation.markdown
- source.code.python
- type.knowledge.code_symbol
- workspace.knowledge.symbols
